{
    "version": 3,
    "terraform_version": "0.9.2",
    "serial": 0,
    "lineage": "f4974b1b-653c-4643-ba86-efa0bd7966cf",
    "modules": [
        {
            "path": [
                "root"
            ],
            "outputs": {},
            "resources": {},
            "depends_on": []
        },
        {
            "path": [
                "root",
                "vpc"
            ],
            "outputs": {
                "database_subnets": {
                    "sensitive": false,
                    "type": "list",
                    "value": []
                },
                "default_security_group_id": {
                    "sensitive": false,
                    "type": "string",
                    "value": "sg-1ccda97b"
                },
                "igw_id": {
                    "sensitive": false,
                    "type": "string",
                    "value": "igw-c79c9ca2"
                },
                "nat_eips": {
                    "sensitive": false,
                    "type": "list",
                    "value": [
                        "eipalloc-47162a22",
                        "eipalloc-a7112dc2",
                        "eipalloc-02102c67"
                    ]
                },
                "nat_eips_public_ips": {
                    "sensitive": false,
                    "type": "list",
                    "value": [
                        "13.55.52.186",
                        "52.64.133.130",
                        "52.64.35.59"
                    ]
                },
                "private_route_table_ids": {
                    "sensitive": false,
                    "type": "list",
                    "value": [
                        "rtb-e292d186",
                        "rtb-3093d054",
                        "rtb-3a91d25e"
                    ]
                },
                "public_route_table_ids": {
                    "sensitive": false,
                    "type": "list",
                    "value": [
                        "rtb-0090d364"
                    ]
                },
                "vpc_id": {
                    "sensitive": false,
                    "type": "string",
                    "value": "vpc-44299320"
                }
            },
            "resources": {
                "aws_eip.nateip.0": {
                    "type": "aws_eip",
                    "depends_on": [],
                    "primary": {
                        "id": "eipalloc-47162a22",
                        "attributes": {
                            "association_id": "",
                            "domain": "vpc",
                            "id": "eipalloc-47162a22",
                            "instance": "",
                            "network_interface": "",
                            "private_ip": "",
                            "public_ip": "13.55.52.186",
                            "vpc": "true"
                        },
                        "meta": {},
                        "tainted": false
                    },
                    "deposed": [],
                    "provider": ""
                },
                "aws_eip.nateip.1": {
                    "type": "aws_eip",
                    "depends_on": [],
                    "primary": {
                        "id": "eipalloc-a7112dc2",
                        "attributes": {
                            "association_id": "",
                            "domain": "vpc",
                            "id": "eipalloc-a7112dc2",
                            "instance": "",
                            "network_interface": "",
                            "private_ip": "",
                            "public_ip": "52.64.133.130",
                            "vpc": "true"
                        },
                        "meta": {},
                        "tainted": false
                    },
                    "deposed": [],
                    "provider": ""
                },
                "aws_eip.nateip.2": {
                    "type": "aws_eip",
                    "depends_on": [],
                    "primary": {
                        "id": "eipalloc-02102c67",
                        "attributes": {
                            "association_id": "",
                            "domain": "vpc",
                            "id": "eipalloc-02102c67",
                            "instance": "",
                            "network_interface": "",
                            "private_ip": "",
                            "public_ip": "52.64.35.59",
                            "vpc": "true"
                        },
                        "meta": {},
                        "tainted": false
                    },
                    "deposed": [],
                    "provider": ""
                },
                "aws_internet_gateway.mod": {
                    "type": "aws_internet_gateway",
                    "depends_on": [
                        "aws_vpc.mod"
                    ],
                    "primary": {
                        "id": "igw-c79c9ca2",
                        "attributes": {
                            "id": "igw-c79c9ca2",
                            "tags.%": "3",
                            "tags.Environment": "paultest",
                            "tags.Name": "my-vpc-igw",
                            "tags.Terraform": "true",
                            "vpc_id": "vpc-44299320"
                        },
                        "meta": {},
                        "tainted": false
                    },
                    "deposed": [],
                    "provider": ""
                },
                "aws_route.public_internet_gateway": {
                    "type": "aws_route",
                    "depends_on": [
                        "aws_internet_gateway.mod",
                        "aws_route_table.public"
                    ],
                    "primary": {
                        "id": "r-rtb-0090d3641080289494",
                        "attributes": {
                            "destination_cidr_block": "0.0.0.0/0",
                            "destination_prefix_list_id": "",
                            "egress_only_gateway_id": "",
                            "gateway_id": "igw-c79c9ca2",
                            "id": "r-rtb-0090d3641080289494",
                            "instance_id": "",
                            "instance_owner_id": "",
                            "nat_gateway_id": "",
                            "network_interface_id": "",
                            "origin": "CreateRoute",
                            "route_table_id": "rtb-0090d364",
                            "state": "active",
                            "vpc_peering_connection_id": ""
                        },
                        "meta": {},
                        "tainted": false
                    },
                    "deposed": [],
                    "provider": ""
                },
                "aws_route_table.private.0": {
                    "type": "aws_route_table",
                    "depends_on": [
                        "aws_vpc.mod"
                    ],
                    "primary": {
                        "id": "rtb-e292d186",
                        "attributes": {
                            "id": "rtb-e292d186",
                            "propagating_vgws.#": "0",
                            "route.#": "0",
                            "tags.%": "3",
                            "tags.Environment": "paultest",
                            "tags.Name": "my-vpc-rt-private-us-west-2a",
                            "tags.Terraform": "true",
                            "vpc_id": "vpc-44299320"
                        },
                        "meta": {},
                        "tainted": false
                    },
                    "deposed": [],
                    "provider": ""
                },
                "aws_route_table.private.1": {
                    "type": "aws_route_table",
                    "depends_on": [
                        "aws_vpc.mod"
                    ],
                    "primary": {
                        "id": "rtb-3093d054",
                        "attributes": {
                            "id": "rtb-3093d054",
                            "propagating_vgws.#": "0",
                            "route.#": "0",
                            "tags.%": "3",
                            "tags.Environment": "paultest",
                            "tags.Name": "my-vpc-rt-private-us-west-2b",
                            "tags.Terraform": "true",
                            "vpc_id": "vpc-44299320"
                        },
                        "meta": {},
                        "tainted": false
                    },
                    "deposed": [],
                    "provider": ""
                },
                "aws_route_table.private.2": {
                    "type": "aws_route_table",
                    "depends_on": [
                        "aws_vpc.mod"
                    ],
                    "primary": {
                        "id": "rtb-3a91d25e",
                        "attributes": {
                            "id": "rtb-3a91d25e",
                            "propagating_vgws.#": "0",
                            "route.#": "0",
                            "tags.%": "3",
                            "tags.Environment": "paultest",
                            "tags.Name": "my-vpc-rt-private-us-west-2c",
                            "tags.Terraform": "true",
                            "vpc_id": "vpc-44299320"
                        },
                        "meta": {},
                        "tainted": false
                    },
                    "deposed": [],
                    "provider": ""
                },
                "aws_route_table.public": {
                    "type": "aws_route_table",
                    "depends_on": [
                        "aws_vpc.mod"
                    ],
                    "primary": {
                        "id": "rtb-0090d364",
                        "attributes": {
                            "id": "rtb-0090d364",
                            "propagating_vgws.#": "0",
                            "route.#": "0",
                            "tags.%": "3",
                            "tags.Environment": "paultest",
                            "tags.Name": "my-vpc-rt-public",
                            "tags.Terraform": "true",
                            "vpc_id": "vpc-44299320"
                        },
                        "meta": {},
                        "tainted": false
                    },
                    "deposed": [],
                    "provider": ""
                },
                "aws_vpc.mod": {
                    "type": "aws_vpc",
                    "depends_on": [],
                    "primary": {
                        "id": "vpc-44299320",
                        "attributes": {
                            "assign_generated_ipv6_cidr_block": "false",
                            "cidr_block": "10.0.0.0/16",
                            "default_network_acl_id": "acl-e287f886",
                            "default_route_table_id": "rtb-cf91d2ab",
                            "default_security_group_id": "sg-1ccda97b",
                            "dhcp_options_id": "dopt-a347e2c6",
                            "enable_classiclink": "false",
                            "enable_dns_hostnames": "false",
                            "enable_dns_support": "false",
                            "id": "vpc-44299320",
                            "instance_tenancy": "default",
                            "main_route_table_id": "rtb-cf91d2ab",
                            "tags.%": "3",
                            "tags.Environment": "paultest",
                            "tags.Name": "my-vpc",
                            "tags.Terraform": "true"
                        },
                        "meta": {
                            "schema_version": "1"
                        },
                        "tainted": false
                    },
                    "deposed": [],
                    "provider": ""
                }
            },
            "depends_on": []
        }
    ]
}
